{
  "requires": true,
  "lockfileVersion": 1,
  "dependencies": {
    "gojs": {
      "version": "2.1.42",
      "resolved": "https://registry.npmjs.org/gojs/-/gojs-2.1.42.tgz",
      "integrity": "sha512-PurmYw8Uefl9UbqjLl2MwwYRRwq4RsgcfGQWawgPfngQU5IFSopJNNsNZ9V/B+DlTUa6b21f3NFpslp19moOjQ=="
    }
  }
}
